
Microsoft Visual Studio Solution File, Format Version 12.00
# Visual Studio 15
Project("{FAE04EC0-301F-11D3-BF4B-00C04F79EFBC}") = "ConcurrentQueue", "ConcurrentCollections\ConcurrentQueue.csproj", "{79241FB6-E28D-48EA-AEFC-C077499C7764}"
EndProject
Project("{FAE04EC0-301F-11D3-BF4B-00C04F79EFBC}") = "ConcurrentDictionary", "ConcurrentDictionary\ConcurrentDictionary.csproj", "{FDA05C4F-9C99-4032-A26B-6082D1265213}"
EndProject
Global
	GlobalSection(SolutionConfigurationPlatforms) = preSolution
		Debug|Any CPU = Debug|Any CPU
		Release|Any CPU = Release|Any CPU
	EndGlobalSection
	GlobalSection(ProjectConfigurationPlatforms) = postSolution
		{79241FB6-E28D-48EA-AEFC-C077499C7764}.Debug|Any CPU.ActiveCfg = Debug|Any CPU
		{79241FB6-E28D-48EA-AEFC-C077499C7764}.Debug|Any CPU.Build.0 = Debug|Any CPU
		{79241FB6-E28D-48EA-AEFC-C077499C7764}.Release|Any CPU.ActiveCfg = Release|Any CPU
		{79241FB6-E28D-48EA-AEFC-C077499C7764}.Release|Any CPU.Build.0 = Release|Any CPU
		{FDA05C4F-9C99-4032-A26B-6082D1265213}.Debug|Any CPU.ActiveCfg = Debug|Any CPU
		{FDA05C4F-9C99-4032-A26B-6082D1265213}.Debug|Any CPU.Build.0 = Debug|Any CPU
		{FDA05C4F-9C99-4032-A26B-6082D1265213}.Release|Any CPU.ActiveCfg = Release|Any CPU
		{FDA05C4F-9C99-4032-A26B-6082D1265213}.Release|Any CPU.Build.0 = Release|Any CPU
	EndGlobalSection
EndGlobal
